{
  "originHash" : "576e3829e5bc1ecb333769f8a3400f2275c4784edebe1c92eeeffb3c50ec82d0",
  "pins" : [
    {
      "identity" : "capacitor-swift-pm",
      "kind" : "remoteSourceControl",
      "location" : "https://github.com/ionic-team/capacitor-swift-pm.git",
      "state" : {
        "revision" : "7536a69ec75ed4292906b77a9fcadfbd2d70f328",
        "version" : "7.2.0"
      }
    }
  ],
  "version" : 3
}
